{
  "version": "4",
  "specifiers": {
    "jsr:@supeprojects/supe-project-creator@*": "1.3.1",
    "npm:@types/bun@latest": "1.1.11",
    "npm:@types/node@latest": "22.7.5"
  },
  "jsr": {
    "@supeprojects/supe-project-creator@1.3.1": {
      "integrity": "72a7d2f71592bcc968726c8569dae82d1520b237bb171aa47bdfbef154719f29"
    }
  },
  "npm": {
    "@types/bun@1.1.11": {
      "integrity": "sha512-0N7D/H/8sbf9JMkaG5F3+I/cB4TlhKTkO9EskEWP8XDr8aVcDe4EywSnU4cnyZy6tar1dq70NeFNkqMEUigthw==",
      "dependencies": [
        "bun-types"
      ]
    },
    "@types/node@20.12.14": {
      "integrity": "sha512-scnD59RpYD91xngrQQLGkE+6UrHUPzeKZWhhjBSa3HSkwjbQc38+q3RoIVEwxQGRw3M+j5hpNAM+lgV3cVormg==",
      "dependencies": [
        "undici-types@5.26.5"
      ]
    },
    "@types/node@22.5.4": {
      "integrity": "sha512-FDuKUJQm/ju9fT/SeX/6+gBzoPzlVCzfzmGkwKvRHQVxi4BntVbyIwf6a4Xn62mrvndLiml6z/UBXIdEVjQLXg==",
      "dependencies": [
        "undici-types@6.19.8"
      ]
    },
    "@types/node@22.7.5": {
      "integrity": "sha512-jML7s2NAzMWc//QSJ1a3prpk78cOPchGvXJsC3C6R6PSMoooztvRVQEz89gmBTBY1SPMaqo5teB4uNHPdetShQ==",
      "dependencies": [
        "undici-types@6.19.8"
      ]
    },
    "@types/ws@8.5.12": {
      "integrity": "sha512-3tPRkv1EtkDpzlgyKyI8pGsGZAGPEaXeu0DOj5DI25Ja91bdAYddYHbADRYVrZMRbfW+1l5YwXVDKohDJNQxkQ==",
      "dependencies": [
        "@types/node@22.5.4"
      ]
    },
    "bun-types@1.1.30": {
      "integrity": "sha512-mGh7NLisOXskBU62DxLS+/nwmLlCYHYAkCzdo4DZ9+fzrpP41hAdOqaN4DO6tQfenHb4pYb0/shw29k4/6I2yQ==",
      "dependencies": [
        "@types/node@20.12.14",
        "@types/ws"
      ]
    },
    "undici-types@5.26.5": {
      "integrity": "sha512-JlCMO+ehdEIKqlFxk6IfVoAUVmgz7cU7zD/h9XZ0qzeosSHmUJVOzSQvvYSYWXkFXC+IfLKSIffhv0sVZup6pA=="
    },
    "undici-types@6.19.8": {
      "integrity": "sha512-ve2KP6f/JnbPBFyobGHuerC9g1FYGn/F8n1LWTwNxCEzd6IfqTwUQcNXgEtmmQ6DlRrC1hrSrBnCZPokRrDHjw=="
    }
  },
  "workspace": {
    "dependencies": [
      "jsr:@supeprojects/supe-project-creator@*"
    ],
    "packageJson": {
      "dependencies": [
        "npm:@types/bun@latest",
        "npm:@types/node@latest"
      ]
    }
  }
}
